// !$*UTF8*$!
{
	archiveVersion = 1;
	classes = {
	};
	objectVersion = 77;
	objects = {

/* Begin PBXContainerItemProxy section */
		0560753A2DEDB9BB00DEE192 /* PBXContainerItemProxy */ = {
			isa = PBXContainerItemProxy;
			containerPortal = 056075242DEDB9BA00DEE192 /* Project object */;
			proxyType = 1;
			remoteGlobalIDString = 0560752B2DEDB9BA00DEE192;
			remoteInfo = "hw1(ios)";
		};
		056075442DEDB9BB00DEE192 /* PBXContainerItemProxy */ = {
			isa = PBXContainerItemProxy;
			containerPortal = 056075242DEDB9BA00DEE192 /* Project object */;
			proxyType = 1;
			remoteGlobalIDString = 0560752B2DEDB9BA00DEE192;
			remoteInfo = "hw1(ios)";
		};
/* End PBXContainerItemProxy section */

/* Begin PBXFileReference section */
		0560752C2DEDB9BA00DEE192 /* hw1(ios).app */ = {isa = PBXFileReference; explicitFileType = wrapper.application; includeInIndex = 0; path = "hw1(ios).app"; sourceTree = BUILT_PRODUCTS_DIR; };
		056075392DEDB9BB00DEE192 /* hw1(ios)Tests.xctest */ = {isa = PBXFileReference; explicitFileType = wrapper.cfbundle; includeInIndex = 0; path = "hw1(ios)Tests.xctest"; sourceTree = BUILT_PRODUCTS_DIR; };
		056075432DEDB9BB00DEE192 /* hw1(ios)UITests.xctest */ = {isa = PBXFileReference; explicitFileType = wrapper.cfbundle; includeInIndex = 0; path = "hw1(ios)UITests.xctest"; sourceTree = BUILT_PRODUCTS_DIR; };
/* End PBXFileReference section */

/* Begin PBXFileSystemSynchronizedRootGroup section */
		0560752E2DEDB9BA00DEE192 /* hw1(ios) */ = {
			isa = PBXFileSystemSynchronizedRootGroup;
			path = "hw1(ios)";
			sourceTree = "<group>";
		};
		0560753C2DEDB9BB00DEE192 /* hw1(ios)Tests */ = {
			isa = PBXFileSystemSynchronizedRootGroup;
			path = "hw1(ios)Tests";
			sourceTree = "<group>";
		};
		056075462DEDB9BB00DEE192 /* hw1(ios)UITests */ = {
			isa = PBXFileSystemSynchronizedRootGroup;
			path = "hw1(ios)UITests";
			sourceTree = "<group>";
		};
/* End PBXFileSystemSynchronizedRootGroup section */

/* Begin PBXFrameworksBuildPhase section */
		056075292DEDB9BA00DEE192 /* Frameworks */ = {
			isa = PBXFrameworksBuildPhase;
			buildActionMask = 2147483647;
			files = (
			);
			runOnlyForDeploymentPostprocessing = 0;
		};
		056075362DEDB9BB00DEE192 /* Frameworks */ = {
			isa = PBXFrameworksBuildPhase;
			buildActionMask = 2147483647;
			files = (
			);
			runOnlyForDeploymentPostprocessing = 0;
		};
		056075402DEDB9BB00DEE192 /* Frameworks */ = {
			isa = PBXFrameworksBuildPhase;
			buildActionMask = 2147483647;
			files = (
			);
			runOnlyForDeploymentPostprocessing = 0;
		};
/* End PBXFrameworksBuildPhase section */

/* Begin PBXGroup section */
		056075232DEDB9BA00DEE192 = {
			isa = PBXGroup;
			children = (
				0560752E2DEDB9BA00DEE192 /* hw1(ios) */,
				0560753C2DEDB9BB00DEE192 /* hw1(ios)Tests */,
				056075462DEDB9BB00DEE192 /* hw1(ios)UITests */,
				0560752D2DEDB9BA00DEE192 /* Products */,
			);
			sourceTree = "<group>";
		};
		0560752D2DEDB9BA00DEE192 /* Products */ = {
			isa = PBXGroup;
			children = (
				0560752C2DEDB9BA00DEE192 /* hw1(ios).app */,
				056075392DEDB9BB00DEE192 /* hw1(ios)Tests.xctest */,
				056075432DEDB9BB00DEE192 /* hw1(ios)UITests.xctest */,
			);
			name = Products;
			sourceTree = "<group>";
		};
/* End PBXGroup section */

/* Begin PBXNativeTarget section */
		0560752B2DEDB9BA00DEE192 /* hw1(ios) */ = {
			isa = PBXNativeTarget;
			buildConfigurationList = 0560754D2DEDB9BB00DEE192 /* Build configuration list for PBXNativeTarget "hw1(ios)" */;
			buildPhases = (
				056075282DEDB9BA00DEE192 /* Sources */,
				056075292DEDB9BA00DEE192 /* Frameworks */,
				0560752A2DEDB9BA00DEE192 /* Resources */,
			);
			buildRules = (
			);
			dependencies = (
			);
			fileSystemSynchronizedGroups = (
				0560752E2DEDB9BA00DEE192 /* hw1(ios) */,
			);
			name = "hw1(ios)";
			packageProductDependencies = (
			);
			productName = "hw1(ios)";
			productReference = 0560752C2DEDB9BA00DEE192 /* hw1(ios).app */;
			productType = "com.apple.product-type.application";
		};
		056075382DEDB9BB00DEE192 /* hw1(ios)Tests */ = {
			isa = PBXNativeTarget;
			buildConfigurationList = 056075502DEDB9BB00DEE192 /* Build configuration list for PBXNativeTarget "hw1(ios)Tests" */;
			buildPhases = (
				056075352DEDB9BB00DEE192 /* Sources */,
				056075362DEDB9BB00DEE192 /* Frameworks */,
				056075372DEDB9BB00DEE192 /* Resources */,
			);
			buildRules = (
			);
			dependencies = (
				0560753B2DEDB9BB00DEE192 /* PBXTargetDependency */,
			);
			fileSystemSynchronizedGroups = (
				0560753C2DEDB9BB00DEE192 /* hw1(ios)Tests */,
			);
			name = "hw1(ios)Tests";
			packageProductDependencies = (
			);
			productName = "hw1(ios)Tests";
			productReference = 056075392DEDB9BB00DEE192 /* hw1(ios)Tests.xctest */;
			productType = "com.apple.product-type.bundle.unit-test";
		};
		056075422DEDB9BB00DEE192 /* hw1(ios)UITests */ = {
			isa = PBXNativeTarget;
			buildConfigurationList = 056075532DEDB9BB00DEE192 /* Build configuration list for PBXNativeTarget "hw1(ios)UITests" */;
			buildPhases = (
				0560753F2DEDB9BB00DEE192 /* Sources */,
				056075402DEDB9BB00DEE192 /* Frameworks */,
				056075412DEDB9BB00DEE192 /* Resources */,
			);
			buildRules = (
			);
			dependencies = (
				056075452DEDB9BB00DEE192 /* PBXTargetDependency */,
			);
			fileSystemSynchronizedGroups = (
				056075462DEDB9BB00DEE192 /* hw1(ios)UITests */,
			);
			name = "hw1(ios)UITests";
			packageProductDependencies = (
			);
			productName = "hw1(ios)UITests";
			productReference = 056075432DEDB9BB00DEE192 /* hw1(ios)UITests.xctest */;
			productType = "com.apple.product-type.bundle.ui-testing";
		};
/* End PBXNativeTarget section */

/* Begin PBXProject section */
		056075242DEDB9BA00DEE192 /* Project object */ = {
			isa = PBXProject;
			attributes = {
				BuildIndependentTargetsInParallel = 1;
				LastSwiftUpdateCheck = 1640;
				LastUpgradeCheck = 1640;
				TargetAttributes = {
					0560752B2DEDB9BA00DEE192 = {
						CreatedOnToolsVersion = 16.4;
					};
					056075382DEDB9BB00DEE192 = {
						CreatedOnToolsVersion = 16.4;
						TestTargetID = 0560752B2DEDB9BA00DEE192;
					};
					056075422DEDB9BB00DEE192 = {
						CreatedOnToolsVersion = 16.4;
						TestTargetID = 0560752B2DEDB9BA00DEE192;
					};
				};
			};
			buildConfigurationList = 056075272DEDB9BA00DEE192 /* Build configuration list for PBXProject "hw1(ios)" */;
			developmentRegion = en;
			hasScannedForEncodings = 0;
			knownRegions = (
				en,
				Base,
			);
			mainGroup = 056075232DEDB9BA00DEE192;
			minimizedProjectReferenceProxies = 1;
			preferredProjectObjectVersion = 77;
			productRefGroup = 0560752D2DEDB9BA00DEE192 /* Products */;
			projectDirPath = "";
			projectRoot = "";
			targets = (
				0560752B2DEDB9BA00DEE192 /* hw1(ios) */,
				056075382DEDB9BB00DEE192 /* hw1(ios)Tests */,
				056075422DEDB9BB00DEE192 /* hw1(ios)UITests */,
			);
		};
/* End PBXProject section */

/* Begin PBXResourcesBuildPhase section */
		0560752A2DEDB9BA00DEE192 /* Resources */ = {
			isa = PBXResourcesBuildPhase;
			buildActionMask = 2147483647;
			files = (
			);
			runOnlyForDeploymentPostprocessing = 0;
		};
		056075372DEDB9BB00DEE192 /* Resources */ = {
			isa = PBXResourcesBuildPhase;
			buildActionMask = 2147483647;
			files = (
			);
			runOnlyForDeploymentPostprocessing = 0;
		};
		056075412DEDB9BB00DEE192 /* Resources */ = {
			isa = PBXResourcesBuildPhase;
			buildActionMask = 2147483647;
			files = (
			);
			runOnlyForDeploymentPostprocessing = 0;
		};
/* End PBXResourcesBuildPhase section */

/* Begin PBXSourcesBuildPhase section */
		056075282DEDB9BA00DEE192 /* Sources */ = {
			isa = PBXSourcesBuildPhase;
			buildActionMask = 2147483647;
			files = (
			);
			runOnlyForDeploymentPostprocessing = 0;
		};
		056075352DEDB9BB00DEE192 /* Sources */ = {
			isa = PBXSourcesBuildPhase;
			buildActionMask = 2147483647;
			files = (
			);
			runOnlyForDeploymentPostprocessing = 0;
		};
		0560753F2DEDB9BB00DEE192 /* Sources */ = {
			isa = PBXSourcesBuildPhase;
			buildActionMask = 2147483647;
			files = (
			);
			runOnlyForDeploymentPostprocessing = 0;
		};
/* End PBXSourcesBuildPhase section */

/* Begin PBXTargetDependency section */
		0560753B2DEDB9BB00DEE192 /* PBXTargetDependency */ = {
			isa = PBXTargetDependency;
			target = 0560752B2DEDB9BA00DEE192 /* hw1(ios) */;
			targetProxy = 0560753A2DEDB9BB00DEE192 /* PBXContainerItemProxy */;
		};
		056075452DEDB9BB00DEE192 /* PBXTargetDependency */ = {
			isa = PBXTargetDependency;
			target = 0560752B2DEDB9BA00DEE192 /* hw1(ios) */;
			targetProxy = 056075442DEDB9BB00DEE192 /* PBXContainerItemProxy */;
		};
/* End PBXTargetDependency section */

/* Begin XCBuildConfiguration section */
		0560754B2DEDB9BB00DEE192 /* Debug */ = {
			isa = XCBuildConfiguration;
			buildSettings = {
				ALWAYS_SEARCH_USER_PATHS = NO;
				ASSETCATALOG_COMPILER_GENERATE_SWIFT_ASSET_SYMBOL_EXTENSIONS = YES;
				CLANG_ANALYZER_NONNULL = YES;
				CLANG_ANALYZER_NUMBER_OBJECT_CONVERSION = YES_AGGRESSIVE;
				CLANG_CXX_LANGUAGE_STANDARD = "gnu++20";
				CLANG_ENABLE_MODULES = YES;
				CLANG_ENABLE_OBJC_ARC = YES;
				CLANG_ENABLE_OBJC_WEAK = YES;
				CLANG_WARN_BLOCK_CAPTURE_AUTORELEASING = YES;
				CLANG_WARN_BOOL_CONVERSION = YES;
				CLANG_WARN_COMMA = YES;
				CLANG_WARN_CONSTANT_CONVERSION = YES;
				CLANG_WARN_DEPRECATED_OBJC_IMPLEMENTATIONS = YES;
				CLANG_WARN_DIRECT_OBJC_ISA_USAGE = YES_ERROR;
				CLANG_WARN_DOCUMENTATION_COMMENTS = YES;
				CLANG_WARN_EMPTY_BODY = YES;
				CLANG_WARN_ENUM_CONVERSION = YES;
				CLANG_WARN_INFINITE_RECURSION = YES;
				CLANG_WARN_INT_CONVERSION = YES;
				CLANG_WARN_NON_LITERAL_NULL_CONVERSION = YES;
				CLANG_WARN_OBJC_IMPLICIT_RETAIN_SELF = YES;
				CLANG_WARN_OBJC_LITERAL_CONVERSION = YES;
				CLANG_WARN_OBJC_ROOT_CLASS = YES_ERROR;
				CLANG_WARN_QUOTED_INCLUDE_IN_FRAMEWORK_HEADER = YES;
				CLANG_WARN_RANGE_LOOP_ANALYSIS = YES;
				CLANG_WARN_STRICT_PROTOTYPES = YES;
				CLANG_WARN_SUSPICIOUS_MOVE = YES;
				CLANG_WARN_UNGUARDED_AVAILABILITY = YES_AGGRESSIVE;
				CLANG_WARN_UNREACHABLE_CODE = YES;
				CLANG_WARN__DUPLICATE_METHOD_MATCH = YES;
				COPY_PHASE_STRIP = NO;
				DEBUG_INFORMATION_FORMAT = dwarf;
				ENABLE_STRICT_OBJC_MSGSEND = YES;
				ENABLE_TESTABILITY = YES;
				ENABLE_USER_SCRIPT_SANDBOXING = YES;
				GCC_C_LANGUAGE_STANDARD = gnu17;
				GCC_DYNAMIC_NO_PIC = NO;
				GCC_NO_COMMON_BLOCKS = YES;
				GCC_OPTIMIZATION_LEVEL = 0;
				GCC_PREPROCESSOR_DEFINITIONS = (
					"DEBUG=1",
					"$(inherited)",
				);
				GCC_WARN_64_TO_32_BIT_CONVERSION = YES;
				GCC_WARN_ABOUT_RETURN_TYPE = YES_ERROR;
				GCC_WARN_UNDECLARED_SELECTOR = YES;
				GCC_WARN_UNINITIALIZED_AUTOS = YES_AGGRESSIVE;
				GCC_WARN_UNUSED_FUNCTION = YES;
				GCC_WARN_UNUSED_VARIABLE = YES;
				IPHONEOS_DEPLOYMENT_TARGET = 18.5;
				LOCALIZATION_PREFERS_STRING_CATALOGS = YES;
				MTL_ENABLE_DEBUG_INFO = INCLUDE_SOURCE;
				MTL_FAST_MATH = YES;
				ONLY_ACTIVE_ARCH = YES;
				SDKROOT = iphoneos;
				SWIFT_ACTIVE_COMPILATION_CONDITIONS = "DEBUG $(inherited)";
				SWIFT_OPTIMIZATION_LEVEL = "-Onone";
			};
			name = Debug;
		};
		0560754C2DEDB9BB00DEE192 /* Release */ = {
			isa = XCBuildConfiguration;
			buildSettings = {
				ALWAYS_SEARCH_USER_PATHS = NO;
				ASSETCATALOG_COMPILER_GENERATE_SWIFT_ASSET_SYMBOL_EXTENSIONS = YES;
				CLANG_ANALYZER_NONNULL = YES;
				CLANG_ANALYZER_NUMBER_OBJECT_CONVERSION = YES_AGGRESSIVE;
				CLANG_CXX_LANGUAGE_STANDARD = "gnu++20";
				CLANG_ENABLE_MODULES = YES;
				CLANG_ENABLE_OBJC_ARC = YES;
				CLANG_ENABLE_OBJC_WEAK = YES;
				CLANG_WARN_BLOCK_CAPTURE_AUTORELEASING = YES;
				CLANG_WARN_BOOL_CONVERSION = YES;
				CLANG_WARN_COMMA = YES;
				CLANG_WARN_CONSTANT_CONVERSION = YES;
				CLANG_WARN_DEPRECATED_OBJC_IMPLEMENTATIONS = YES;
				CLANG_WARN_DIRECT_OBJC_ISA_USAGE = YES_ERROR;
				CLANG_WARN_DOCUMENTATION_COMMENTS = YES;
				CLANG_WARN_EMPTY_BODY = YES;
				CLANG_WARN_ENUM_CONVERSION = YES;
				CLANG_WARN_INFINITE_RECURSION = YES;
				CLANG_WARN_INT_CONVERSION = YES;
				CLANG_WARN_NON_LITERAL_NULL_CONVERSION = YES;
				CLANG_WARN_OBJC_IMPLICIT_RETAIN_SELF = YES;
				CLANG_WARN_OBJC_LITERAL_CONVERSION = YES;
				CLANG_WARN_OBJC_ROOT_CLASS = YES_ERROR;
				CLANG_WARN_QUOTED_INCLUDE_IN_FRAMEWORK_HEADER = YES;
				CLANG_WARN_RANGE_LOOP_ANALYSIS = YES;
				CLANG_WARN_STRICT_PROTOTYPES = YES;
				CLANG_WARN_SUSPICIOUS_MOVE = YES;
				CLANG_WARN_UNGUARDED_AVAILABILITY = YES_AGGRESSIVE;
				CLANG_WARN_UNREACHABLE_CODE = YES;
				CLANG_WARN__DUPLICATE_METHOD_MATCH = YES;
				COPY_PHASE_STRIP = NO;
				DEBUG_INFORMATION_FORMAT = "dwarf-with-dsym";
				ENABLE_NS_ASSERTIONS = NO;
				ENABLE_STRICT_OBJC_MSGSEND = YES;
				ENABLE_USER_SCRIPT_SANDBOXING = YES;
				GCC_C_LANGUAGE_STANDARD = gnu17;
				GCC_NO_COMMON_BLOCKS = YES;
				GCC_WARN_64_TO_32_BIT_CONVERSION = YES;
				GCC_WARN_ABOUT_RETURN_TYPE = YES_ERROR;
				GCC_WARN_UNDECLARED_SELECTOR = YES;
				GCC_WARN_UNINITIALIZED_AUTOS = YES_AGGRESSIVE;
				GCC_WARN_UNUSED_FUNCTION = YES;
				GCC_WARN_UNUSED_VARIABLE = YES;
				IPHONEOS_DEPLOYMENT_TARGET = 18.5;
				LOCALIZATION_PREFERS_STRING_CATALOGS = YES;
				MTL_ENABLE_DEBUG_INFO = NO;
				MTL_FAST_MATH = YES;
				SDKROOT = iphoneos;
				SWIFT_COMPILATION_MODE = wholemodule;
				VALIDATE_PRODUCT = YES;
			};
			name = Release;
		};
		0560754E2DEDB9BB00DEE192 /* Debug */ = {
			isa = XCBuildConfiguration;
			buildSettings = {
				ASSETCATALOG_COMPILER_APPICON_NAME = AppIcon;
				ASSETCATALOG_COMPILER_GLOBAL_ACCENT_COLOR_NAME = AccentColor;
				CODE_SIGN_STYLE = Automatic;
				CURRENT_PROJECT_VERSION = 1;
				ENABLE_PREVIEWS = YES;
				GENERATE_INFOPLIST_FILE = YES;
				INFOPLIST_KEY_UIApplicationSceneManifest_Generation = YES;
				INFOPLIST_KEY_UIApplicationSupportsIndirectInputEvents = YES;
				INFOPLIST_KEY_UILaunchScreen_Generation = YES;
				INFOPLIST_KEY_UISupportedInterfaceOrientations_iPad = "UIInterfaceOrientationPortrait UIInterfaceOrientationPortraitUpsideDown UIInterfaceOrientationLandscapeLeft UIInterfaceOrientationLandscapeRight";
				INFOPLIST_KEY_UISupportedInterfaceOrientations_iPhone = "UIInterfaceOrientationPortrait UIInterfaceOrientationLandscapeLeft UIInterfaceOrientationLandscapeRight";
				LD_RUNPATH_SEARCH_PATHS = (
					"$(inherited)",
					"@executable_path/Frameworks",
				);
				MARKETING_VERSION = 1.0;
				PRODUCT_BUNDLE_IDENTIFIER = "thinkabouthev.hw1-ios-";
				PRODUCT_NAME = "$(TARGET_NAME)";
				SWIFT_EMIT_LOC_STRINGS = YES;
				SWIFT_VERSION = 5.0;
				TARGETED_DEVICE_FAMILY = "1,2";
			};
			name = Debug;
		};
		0560754F2DEDB9BB00DEE192 /* Release */ = {
			isa = XCBuildConfiguration;
			buildSettings = {
				ASSETCATALOG_COMPILER_APPICON_NAME = AppIcon;
				ASSETCATALOG_COMPILER_GLOBAL_ACCENT_COLOR_NAME = AccentColor;
				CODE_SIGN_STYLE = Automatic;
				CURRENT_PROJECT_VERSION = 1;
				ENABLE_PREVIEWS = YES;
				GENERATE_INFOPLIST_FILE = YES;
				INFOPLIST_KEY_UIApplicationSceneManifest_Generation = YES;
				INFOPLIST_KEY_UIApplicationSupportsIndirectInputEvents = YES;
				INFOPLIST_KEY_UILaunchScreen_Generation = YES;
				INFOPLIST_KEY_UISupportedInterfaceOrientations_iPad = "UIInterfaceOrientationPortrait UIInterfaceOrientationPortraitUpsideDown UIInterfaceOrientationLandscapeLeft UIInterfaceOrientationLandscapeRight";
				INFOPLIST_KEY_UISupportedInterfaceOrientations_iPhone = "UIInterfaceOrientationPortrait UIInterfaceOrientationLandscapeLeft UIInterfaceOrientationLandscapeRight";
				LD_RUNPATH_SEARCH_PATHS = (
					"$(inherited)",
					"@executable_path/Frameworks",
				);
				MARKETING_VERSION = 1.0;
				PRODUCT_BUNDLE_IDENTIFIER = "thinkabouthev.hw1-ios-";
				PRODUCT_NAME = "$(TARGET_NAME)";
				SWIFT_EMIT_LOC_STRINGS = YES;
				SWIFT_VERSION = 5.0;
				TARGETED_DEVICE_FAMILY = "1,2";
			};
			name = Release;
		};
		056075512DEDB9BB00DEE192 /* Debug */ = {
			isa = XCBuildConfiguration;
			buildSettings = {
				BUNDLE_LOADER = "$(TEST_HOST)";
				CODE_SIGN_STYLE = Automatic;
				CURRENT_PROJECT_VERSION = 1;
				GENERATE_INFOPLIST_FILE = YES;
				IPHONEOS_DEPLOYMENT_TARGET = 18.5;
				MARKETING_VERSION = 1.0;
				PRODUCT_BUNDLE_IDENTIFIER = "thinkabouthev.hw1-ios-Tests";
				PRODUCT_NAME = "$(TARGET_NAME)";
				SWIFT_EMIT_LOC_STRINGS = NO;
				SWIFT_VERSION = 5.0;
				TARGETED_DEVICE_FAMILY = "1,2";
				TEST_HOST = "$(BUILT_PRODUCTS_DIR)/hw1(ios).app/$(BUNDLE_EXECUTABLE_FOLDER_PATH)/hw1(ios)";
			};
			name = Debug;
		};
		056075522DEDB9BB00DEE192 /* Release */ = {
			isa = XCBuildConfiguration;
			buildSettings = {
				BUNDLE_LOADER = "$(TEST_HOST)";
				CODE_SIGN_STYLE = Automatic;
				CURRENT_PROJECT_VERSION = 1;
				GENERATE_INFOPLIST_FILE = YES;
				IPHONEOS_DEPLOYMENT_TARGET = 18.5;
				MARKETING_VERSION = 1.0;
				PRODUCT_BUNDLE_IDENTIFIER = "thinkabouthev.hw1-ios-Tests";
				PRODUCT_NAME = "$(TARGET_NAME)";
				SWIFT_EMIT_LOC_STRINGS = NO;
				SWIFT_VERSION = 5.0;
				TARGETED_DEVICE_FAMILY = "1,2";
				TEST_HOST = "$(BUILT_PRODUCTS_DIR)/hw1(ios).app/$(BUNDLE_EXECUTABLE_FOLDER_PATH)/hw1(ios)";
			};
			name = Release;
		};
		056075542DEDB9BB00DEE192 /* Debug */ = {
			isa = XCBuildConfiguration;
			buildSettings = {
				CODE_SIGN_STYLE = Automatic;
				CURRENT_PROJECT_VERSION = 1;
				GENERATE_INFOPLIST_FILE = YES;
				MARKETING_VERSION = 1.0;
				PRODUCT_BUNDLE_IDENTIFIER = "thinkabouthev.hw1-ios-UITests";
				PRODUCT_NAME = "$(TARGET_NAME)";
				SWIFT_EMIT_LOC_STRINGS = NO;
				SWIFT_VERSION = 5.0;
				TARGETED_DEVICE_FAMILY = "1,2";
				TEST_TARGET_NAME = "hw1(ios)";
			};
			name = Debug;
		};
		056075552DEDB9BB00DEE192 /* Release */ = {
			isa = XCBuildConfiguration;
			buildSettings = {
				CODE_SIGN_STYLE = Automatic;
				CURRENT_PROJECT_VERSION = 1;
				GENERATE_INFOPLIST_FILE = YES;
				MARKETING_VERSION = 1.0;
				PRODUCT_BUNDLE_IDENTIFIER = "thinkabouthev.hw1-ios-UITests";
				PRODUCT_NAME = "$(TARGET_NAME)";
				SWIFT_EMIT_LOC_STRINGS = NO;
				SWIFT_VERSION = 5.0;
				TARGETED_DEVICE_FAMILY = "1,2";
				TEST_TARGET_NAME = "hw1(ios)";
			};
			name = Release;
		};
/* End XCBuildConfiguration section */

/* Begin XCConfigurationList section */
		056075272DEDB9BA00DEE192 /* Build configuration list for PBXProject "hw1(ios)" */ = {
			isa = XCConfigurationList;
			buildConfigurations = (
				0560754B2DEDB9BB00DEE192 /* Debug */,
				0560754C2DEDB9BB00DEE192 /* Release */,
			);
			defaultConfigurationIsVisible = 0;
			defaultConfigurationName = Release;
		};
		0560754D2DEDB9BB00DEE192 /* Build configuration list for PBXNativeTarget "hw1(ios)" */ = {
			isa = XCConfigurationList;
			buildConfigurations = (
				0560754E2DEDB9BB00DEE192 /* Debug */,
				0560754F2DEDB9BB00DEE192 /* Release */,
			);
			defaultConfigurationIsVisible = 0;
			defaultConfigurationName = Release;
		};
		056075502DEDB9BB00DEE192 /* Build configuration list for PBXNativeTarget "hw1(ios)Tests" */ = {
			isa = XCConfigurationList;
			buildConfigurations = (
				056075512DEDB9BB00DEE192 /* Debug */,
				056075522DEDB9BB00DEE192 /* Release */,
			);
			defaultConfigurationIsVisible = 0;
			defaultConfigurationName = Release;
		};
		056075532DEDB9BB00DEE192 /* Build configuration list for PBXNativeTarget "hw1(ios)UITests" */ = {
			isa = XCConfigurationList;
			buildConfigurations = (
				056075542DEDB9BB00DEE192 /* Debug */,
				056075552DEDB9BB00DEE192 /* Release */,
			);
			defaultConfigurationIsVisible = 0;
			defaultConfigurationName = Release;
		};
/* End XCConfigurationList section */
	};
	rootObject = 056075242DEDB9BA00DEE192 /* Project object */;
}
